
Microsoft Visual Studio Solution File, Format Version 12.00
# Visual Studio Version 17
VisualStudioVersion = 17.0.32014.148
MinimumVisualStudioVersion = 10.0.40219.1
Project("{FAE04EC0-301F-11D3-BF4B-00C04F79EFBC}") = "Web", "Web\Web.csproj", "{F88D1F88-3FB5-4787-9FAD-3C41BC14B634}"
EndProject
Project("{FAE04EC0-301F-11D3-BF4B-00C04F79EFBC}") = "ApplicationCore", "ApplicationCore\ApplicationCore.csproj", "{11EC3B8F-BC6E-48A6-93F2-6C57BBFCDCF6}"
EndProject
Project("{FAE04EC0-301F-11D3-BF4B-00C04F79EFBC}") = "Infrastructure", "Infrastructure\Infrastructure.csproj", "{E984DD74-5016-49C6-8C1A-17471067F4D3}"
EndProject
Global
	GlobalSection(SolutionConfigurationPlatforms) = preSolution
		Debug|Any CPU = Debug|Any CPU
		Release|Any CPU = Release|Any CPU
	EndGlobalSection
	GlobalSection(ProjectConfigurationPlatforms) = postSolution
		{F88D1F88-3FB5-4787-9FAD-3C41BC14B634}.Debug|Any CPU.ActiveCfg = Debug|Any CPU
		{F88D1F88-3FB5-4787-9FAD-3C41BC14B634}.Debug|Any CPU.Build.0 = Debug|Any CPU
		{F88D1F88-3FB5-4787-9FAD-3C41BC14B634}.Release|Any CPU.ActiveCfg = Release|Any CPU
		{F88D1F88-3FB5-4787-9FAD-3C41BC14B634}.Release|Any CPU.Build.0 = Release|Any CPU
		{11EC3B8F-BC6E-48A6-93F2-6C57BBFCDCF6}.Debug|Any CPU.ActiveCfg = Debug|Any CPU
		{11EC3B8F-BC6E-48A6-93F2-6C57BBFCDCF6}.Debug|Any CPU.Build.0 = Debug|Any CPU
		{11EC3B8F-BC6E-48A6-93F2-6C57BBFCDCF6}.Release|Any CPU.ActiveCfg = Release|Any CPU
		{11EC3B8F-BC6E-48A6-93F2-6C57BBFCDCF6}.Release|Any CPU.Build.0 = Release|Any CPU
		{E984DD74-5016-49C6-8C1A-17471067F4D3}.Debug|Any CPU.ActiveCfg = Debug|Any CPU
		{E984DD74-5016-49C6-8C1A-17471067F4D3}.Debug|Any CPU.Build.0 = Debug|Any CPU
		{E984DD74-5016-49C6-8C1A-17471067F4D3}.Release|Any CPU.ActiveCfg = Release|Any CPU
		{E984DD74-5016-49C6-8C1A-17471067F4D3}.Release|Any CPU.Build.0 = Release|Any CPU
	EndGlobalSection
	GlobalSection(SolutionProperties) = preSolution
		HideSolutionNode = FALSE
	EndGlobalSection
	GlobalSection(ExtensibilityGlobals) = postSolution
		SolutionGuid = {27655D4B-13EA-432C-A8D8-DAA3F9A4645E}
	EndGlobalSection
EndGlobal
